// !$*UTF8*$!
{
	archiveVersion = 1;
	classes = {
	};
	objectVersion = 46;
	objects = {

/* Begin PBXBuildFile section */
		54126D3E1D6AA21B00FA0D22 /* AppDelegate.swift in Sources */ = {isa = PBXBuildFile; fileRef = 54126D3D1D6AA21B00FA0D22 /* AppDelegate.swift */; };
		54126D401D6AA21B00FA0D22 /* ViewController.swift in Sources */ = {isa = PBXBuildFile; fileRef = 54126D3F1D6AA21B00FA0D22 /* ViewController.swift */; };
		54126D431D6AA21B00FA0D22 /* Main.storyboard in Resources */ = {isa = PBXBuildFile; fileRef = 54126D411D6AA21B00FA0D22 /* Main.storyboard */; };
		54126D461D6AA21B00FA0D22 /* Login.xcdatamodeld in Sources */ = {isa = PBXBuildFile; fileRef = 54126D441D6AA21B00FA0D22 /* Login.xcdatamodeld */; };
		54126D481D6AA21B00FA0D22 /* Assets.xcassets in Resources */ = {isa = PBXBuildFile; fileRef = 54126D471D6AA21B00FA0D22 /* Assets.xcassets */; };
		54126D4B1D6AA21B00FA0D22 /* LaunchScreen.storyboard in Resources */ = {isa = PBXBuildFile; fileRef = 54126D491D6AA21B00FA0D22 /* LaunchScreen.storyboard */; };
/* End PBXBuildFile section */

/* Begin PBXFileReference section */
		54126D3A1D6AA21B00FA0D22 /* Login.app */ = {isa = PBXFileReference; explicitFileType = wrapper.application; includeInIndex = 0; path = Login.app; sourceTree = BUILT_PRODUCTS_DIR; };
		54126D3D1D6AA21B00FA0D22 /* AppDelegate.swift */ = {isa = PBXFileReference; lastKnownFileType = sourcecode.swift; path = AppDelegate.swift; sourceTree = "<group>"; };
		54126D3F1D6AA21B00FA0D22 /* ViewController.swift */ = {isa = PBXFileReference; lastKnownFileType = sourcecode.swift; path = ViewController.swift; sourceTree = "<group>"; };
		54126D421D6AA21B00FA0D22 /* Base */ = {isa = PBXFileReference; lastKnownFileType = file.storyboard; name = Base; path = Base.lproj/Main.storyboard; sourceTree = "<group>"; };
		54126D451D6AA21B00FA0D22 /* Login.xcdatamodel */ = {isa = PBXFileReference; lastKnownFileType = wrapper.xcdatamodel; path = Login.xcdatamodel; sourceTree = "<group>"; };
		54126D471D6AA21B00FA0D22 /* Assets.xcassets */ = {isa = PBXFileReference; lastKnownFileType = folder.assetcatalog; path = Assets.xcassets; sourceTree = "<group>"; };
		54126D4A1D6AA21B00FA0D22 /* Base */ = {isa = PBXFileReference; lastKnownFileType = file.storyboard; name = Base; path = Base.lproj/LaunchScreen.storyboard; sourceTree = "<group>"; };
		54126D4C1D6AA21B00FA0D22 /* Info.plist */ = {isa = PBXFileReference; lastKnownFileType = text.plist.xml; path = Info.plist; sourceTree = "<group>"; };
/* End PBXFileReference section */

/* Begin PBXFrameworksBuildPhase section */
		54126D371D6AA21B00FA0D22 /* Frameworks */ = {
			isa = PBXFrameworksBuildPhase;
			buildActionMask = 2147483647;
			files = (
			);
			runOnlyForDeploymentPostprocessing = 0;
		};
/* End PBXFrameworksBuildPhase section */

/* Begin PBXGroup section */
		54126D311D6AA21B00FA0D22 = {
			isa = PBXGroup;
			children = (
				54126D3C1D6AA21B00FA0D22 /* Login */,
				54126D3B1D6AA21B00FA0D22 /* Products */,
			);
			sourceTree = "<group>";
		};
		54126D3B1D6AA21B00FA0D22 /* Products */ = {
			isa = PBXGroup;
			children = (
				54126D3A1D6AA21B00FA0D22 /* Login.app */,
			);
			name = Products;
			sourceTree = "<group>";
		};
		54126D3C1D6AA21B00FA0D22 /* Login */ = {
			isa = PBXGroup;
			children = (
				54126D3D1D6AA21B00FA0D22 /* AppDelegate.swift */,
				54126D3F1D6AA21B00FA0D22 /* ViewController.swift */,
				54126D411D6AA21B00FA0D22 /* Main.storyboard */,
				54126D471D6AA21B00FA0D22 /* Assets.xcassets */,
				54126D491D6AA21B00FA0D22 /* LaunchScreen.storyboard */,
				54126D4C1D6AA21B00FA0D22 /* Info.plist */,
				54126D441D6AA21B00FA0D22 /* Login.xcdatamodeld */,
			);
			path = Login;
			sourceTree = "<group>";
		};
/* End PBXGroup section */

/* Begin PBXNativeTarget section */
		54126D391D6AA21B00FA0D22 /* Login */ = {
			isa = PBXNativeTarget;
			buildConfigurationList = 54126D4F1D6AA21B00FA0D22 /* Build configuration list for PBXNativeTarget "Login" */;
			buildPhases = (
				54126D361D6AA21B00FA0D22 /* Sources */,
				54126D371D6AA21B00FA0D22 /* Frameworks */,
				54126D381D6AA21B00FA0D22 /* Resources */,
			);
			buildRules = (
			);
			dependencies = (
			);
			name = Login;
			productName = Login;
			productReference = 54126D3A1D6AA21B00FA0D22 /* Login.app */;
			productType = "com.apple.product-type.application";
		};
/* End PBXNativeTarget section */

/* Begin PBXProject section */
		54126D321D6AA21B00FA0D22 /* Project object */ = {
			isa = PBXProject;
			attributes = {
				LastSwiftUpdateCheck = 0730;
				LastUpgradeCheck = 0730;
				ORGANIZATIONNAME = newayplus;
				TargetAttributes = {
					54126D391D6AA21B00FA0D22 = {
						CreatedOnToolsVersion = 7.3.1;
					};
				};
			};
			buildConfigurationList = 54126D351D6AA21B00FA0D22 /* Build configuration list for PBXProject "Login" */;
			compatibilityVersion = "Xcode 3.2";
			developmentRegion = English;
			hasScannedForEncodings = 0;
			knownRegions = (
				en,
				Base,
			);
			mainGroup = 54126D311D6AA21B00FA0D22;
			productRefGroup = 54126D3B1D6AA21B00FA0D22 /* Products */;
			projectDirPath = "";
			projectRoot = "";
			targets = (
				54126D391D6AA21B00FA0D22 /* Login */,
			);
		};
/* End PBXProject section */

/* Begin PBXResourcesBuildPhase section */
		54126D381D6AA21B00FA0D22 /* Resources */ = {
			isa = PBXResourcesBuildPhase;
			buildActionMask = 2147483647;
			files = (
				54126D4B1D6AA21B00FA0D22 /* LaunchScreen.storyboard in Resources */,
				54126D481D6AA21B00FA0D22 /* Assets.xcassets in Resources */,
				54126D431D6AA21B00FA0D22 /* Main.storyboard in Resources */,
			);
			runOnlyForDeploymentPostprocessing = 0;
		};
/* End PBXResourcesBuildPhase section */

/* Begin PBXSourcesBuildPhase section */
		54126D361D6AA21B00FA0D22 /* Sources */ = {
			isa = PBXSourcesBuildPhase;
			buildActionMask = 2147483647;
			files = (
				54126D401D6AA21B00FA0D22 /* ViewController.swift in Sources */,
				54126D3E1D6AA21B00FA0D22 /* AppDelegate.swift in Sources */,
				54126D461D6AA21B00FA0D22 /* Login.xcdatamodeld in Sources */,
			);
			runOnlyForDeploymentPostprocessing = 0;
		};
/* End PBXSourcesBuildPhase section */

/* Begin PBXVariantGroup section */
		54126D411D6AA21B00FA0D22 /* Main.storyboard */ = {
			isa = PBXVariantGroup;
			children = (
				54126D421D6AA21B00FA0D22 /* Base */,
			);
			name = Main.storyboard;
			sourceTree = "<group>";
		};
		54126D491D6AA21B00FA0D22 /* LaunchScreen.storyboard */ = {
			isa = PBXVariantGroup;
			children = (
				54126D4A1D6AA21B00FA0D22 /* Base */,
			);
			name = LaunchScreen.storyboard;
			sourceTree = "<group>";
		};
/* End PBXVariantGroup section */

/* Begin XCBuildConfiguration section */
		54126D4D1D6AA21B00FA0D22 /* Debug */ = {
			isa = XCBuildConfiguration;
			buildSettings = {
				ALWAYS_SEARCH_USER_PATHS = NO;
				CLANG_ANALYZER_NONNULL = YES;
				CLANG_CXX_LANGUAGE_STANDARD = "gnu++0x";
				CLANG_CXX_LIBRARY = "libc++";
				CLANG_ENABLE_MODULES = YES;
				CLANG_ENABLE_OBJC_ARC = YES;
				CLANG_WARN_BOOL_CONVERSION = YES;
				CLANG_WARN_CONSTANT_CONVERSION = YES;
				CLANG_WARN_DIRECT_OBJC_ISA_USAGE = YES_ERROR;
				CLANG_WARN_EMPTY_BODY = YES;
				CLANG_WARN_ENUM_CONVERSION = YES;
				CLANG_WARN_INT_CONVERSION = YES;
				CLANG_WARN_OBJC_ROOT_CLASS = YES_ERROR;
				CLANG_WARN_UNREACHABLE_CODE = YES;
				CLANG_WARN__DUPLICATE_METHOD_MATCH = YES;
				"CODE_SIGN_IDENTITY[sdk=iphoneos*]" = "iPhone Developer";
				COPY_PHASE_STRIP = NO;
				DEBUG_INFORMATION_FORMAT = dwarf;
				ENABLE_STRICT_OBJC_MSGSEND = YES;
				ENABLE_TESTABILITY = YES;
				GCC_C_LANGUAGE_STANDARD = gnu99;
				GCC_DYNAMIC_NO_PIC = NO;
				GCC_NO_COMMON_BLOCKS = YES;
				GCC_OPTIMIZATION_LEVEL = 0;
				GCC_PREPROCESSOR_DEFINITIONS = (
					"DEBUG=1",
					"$(inherited)",
				);
				GCC_WARN_64_TO_32_BIT_CONVERSION = YES;
				GCC_WARN_ABOUT_RETURN_TYPE = YES_ERROR;
				GCC_WARN_UNDECLARED_SELECTOR = YES;
				GCC_WARN_UNINITIALIZED_AUTOS = YES_AGGRESSIVE;
				GCC_WARN_UNUSED_FUNCTION = YES;
				GCC_WARN_UNUSED_VARIABLE = YES;
				IPHONEOS_DEPLOYMENT_TARGET = 9.3;
				MTL_ENABLE_DEBUG_INFO = YES;
				ONLY_ACTIVE_ARCH = YES;
				SDKROOT = iphoneos;
				SWIFT_OPTIMIZATION_LEVEL = "-Onone";
				TARGETED_DEVICE_FAMILY = "1,2";
			};
			name = Debug;
		};
		54126D4E1D6AA21B00FA0D22 /* Release */ = {
			isa = XCBuildConfiguration;
			buildSettings = {
				ALWAYS_SEARCH_USER_PATHS = NO;
				CLANG_ANALYZER_NONNULL = YES;
				CLANG_CXX_LANGUAGE_STANDARD = "gnu++0x";
				CLANG_CXX_LIBRARY = "libc++";
				CLANG_ENABLE_MODULES = YES;
				CLANG_ENABLE_OBJC_ARC = YES;
				CLANG_WARN_BOOL_CONVERSION = YES;
				CLANG_WARN_CONSTANT_CONVERSION = YES;
				CLANG_WARN_DIRECT_OBJC_ISA_USAGE = YES_ERROR;
				CLANG_WARN_EMPTY_BODY = YES;
				CLANG_WARN_ENUM_CONVERSION = YES;
				CLANG_WARN_INT_CONVERSION = YES;
				CLANG_WARN_OBJC_ROOT_CLASS = YES_ERROR;
				CLANG_WARN_UNREACHABLE_CODE = YES;
				CLANG_WARN__DUPLICATE_METHOD_MATCH = YES;
				"CODE_SIGN_IDENTITY[sdk=iphoneos*]" = "iPhone Developer";
				COPY_PHASE_STRIP = NO;
				DEBUG_INFORMATION_FORMAT = "dwarf-with-dsym";
				ENABLE_NS_ASSERTIONS = NO;
				ENABLE_STRICT_OBJC_MSGSEND = YES;
				GCC_C_LANGUAGE_STANDARD = gnu99;
				GCC_NO_COMMON_BLOCKS = YES;
				GCC_WARN_64_TO_32_BIT_CONVERSION = YES;
				GCC_WARN_ABOUT_RETURN_TYPE = YES_ERROR;
				GCC_WARN_UNDECLARED_SELECTOR = YES;
				GCC_WARN_UNINITIALIZED_AUTOS = YES_AGGRESSIVE;
				GCC_WARN_UNUSED_FUNCTION = YES;
				GCC_WARN_UNUSED_VARIABLE = YES;
				IPHONEOS_DEPLOYMENT_TARGET = 9.3;
				MTL_ENABLE_DEBUG_INFO = NO;
				SDKROOT = iphoneos;
				TARGETED_DEVICE_FAMILY = "1,2";
				VALIDATE_PRODUCT = YES;
			};
			name = Release;
		};
		54126D501D6AA21B00FA0D22 /* Debug */ = {
			isa = XCBuildConfiguration;
			buildSettings = {
				ASSETCATALOG_COMPILER_APPICON_NAME = AppIcon;
				INFOPLIST_FILE = Login/Info.plist;
				LD_RUNPATH_SEARCH_PATHS = "$(inherited) @executable_path/Frameworks";
				PRODUCT_BUNDLE_IDENTIFIER = com.newayplus.Login;
				PRODUCT_NAME = "$(TARGET_NAME)";
			};
			name = Debug;
		};
		54126D511D6AA21B00FA0D22 /* Release */ = {
			isa = XCBuildConfiguration;
			buildSettings = {
				ASSETCATALOG_COMPILER_APPICON_NAME = AppIcon;
				INFOPLIST_FILE = Login/Info.plist;
				LD_RUNPATH_SEARCH_PATHS = "$(inherited) @executable_path/Frameworks";
				PRODUCT_BUNDLE_IDENTIFIER = com.newayplus.Login;
				PRODUCT_NAME = "$(TARGET_NAME)";
			};
			name = Release;
		};
/* End XCBuildConfiguration section */

/* Begin XCConfigurationList section */
		54126D351D6AA21B00FA0D22 /* Build configuration list for PBXProject "Login" */ = {
			isa = XCConfigurationList;
			buildConfigurations = (
				54126D4D1D6AA21B00FA0D22 /* Debug */,
				54126D4E1D6AA21B00FA0D22 /* Release */,
			);
			defaultConfigurationIsVisible = 0;
			defaultConfigurationName = Release;
		};
		54126D4F1D6AA21B00FA0D22 /* Build configuration list for PBXNativeTarget "Login" */ = {
			isa = XCConfigurationList;
			buildConfigurations = (
				54126D501D6AA21B00FA0D22 /* Debug */,
				54126D511D6AA21B00FA0D22 /* Release */,
			);
			defaultConfigurationIsVisible = 0;
		};
/* End XCConfigurationList section */

/* Begin XCVersionGroup section */
		54126D441D6AA21B00FA0D22 /* Login.xcdatamodeld */ = {
			isa = XCVersionGroup;
			children = (
				54126D451D6AA21B00FA0D22 /* Login.xcdatamodel */,
			);
			currentVersion = 54126D451D6AA21B00FA0D22 /* Login.xcdatamodel */;
			path = Login.xcdatamodeld;
			sourceTree = "<group>";
			versionGroupType = wrapper.xcdatamodel;
		};
/* End XCVersionGroup section */
	};
	rootObject = 54126D321D6AA21B00FA0D22 /* Project object */;
}
